
Microsoft Visual Studio Solution File, Format Version 12.00
# Visual Studio 14
VisualStudioVersion = 14.0.25420.1
MinimumVisualStudioVersion = 10.0.40219.1
Project("{FAE04EC0-301F-11D3-BF4B-00C04F79EFBC}") = "XamarinSampleApp", "XamarinSampleApp\XamarinSampleApp\XamarinSampleApp.csproj", "{84F6C755-DBFF-4BCD-9BFA-1692728AEFA1}"
EndProject
Project("{FAE04EC0-301F-11D3-BF4B-00C04F79EFBC}") = "XamarinSampleApp.Droid", "XamarinSampleApp\XamarinSampleApp.Droid\XamarinSampleApp.Droid.csproj", "{DD035D30-337E-46B7-87A2-3287051DB4E8}"
EndProject
Project("{FAE04EC0-301F-11D3-BF4B-00C04F79EFBC}") = "XamarinSampleApp.iOS", "XamarinSampleApp\XamarinSampleApp.iOS\XamarinSampleApp.iOS.csproj", "{379B97B8-82E5-4074-A1C2-190B3DA0DD1E}"
EndProject
Global
	GlobalSection(SolutionConfigurationPlatforms) = preSolution
		Ad-Hoc|Any CPU = Ad-Hoc|Any CPU
		Ad-Hoc|iPhone = Ad-Hoc|iPhone
		Ad-Hoc|iPhoneSimulator = Ad-Hoc|iPhoneSimulator
		AppStore|Any CPU = AppStore|Any CPU
		AppStore|iPhone = AppStore|iPhone
		AppStore|iPhoneSimulator = AppStore|iPhoneSimulator
		Debug|Any CPU = Debug|Any CPU
		Debug|iPhone = Debug|iPhone
		Debug|iPhoneSimulator = Debug|iPhoneSimulator
		Release|Any CPU = Release|Any CPU
		Release|iPhone = Release|iPhone
		Release|iPhoneSimulator = Release|iPhoneSimulator
	EndGlobalSection
	GlobalSection(ProjectConfigurationPlatforms) = postSolution
		{84F6C755-DBFF-4BCD-9BFA-1692728AEFA1}.Ad-Hoc|Any CPU.ActiveCfg = Release|Any CPU
		{84F6C755-DBFF-4BCD-9BFA-1692728AEFA1}.Ad-Hoc|Any CPU.Build.0 = Release|Any CPU
		{84F6C755-DBFF-4BCD-9BFA-1692728AEFA1}.Ad-Hoc|iPhone.ActiveCfg = Release|Any CPU
		{84F6C755-DBFF-4BCD-9BFA-1692728AEFA1}.Ad-Hoc|iPhone.Build.0 = Release|Any CPU
		{84F6C755-DBFF-4BCD-9BFA-1692728AEFA1}.Ad-Hoc|iPhoneSimulator.ActiveCfg = Release|Any CPU
		{84F6C755-DBFF-4BCD-9BFA-1692728AEFA1}.Ad-Hoc|iPhoneSimulator.Build.0 = Release|Any CPU
		{84F6C755-DBFF-4BCD-9BFA-1692728AEFA1}.AppStore|Any CPU.ActiveCfg = Release|Any CPU
		{84F6C755-DBFF-4BCD-9BFA-1692728AEFA1}.AppStore|Any CPU.Build.0 = Release|Any CPU
		{84F6C755-DBFF-4BCD-9BFA-1692728AEFA1}.AppStore|iPhone.ActiveCfg = Release|Any CPU
		{84F6C755-DBFF-4BCD-9BFA-1692728AEFA1}.AppStore|iPhone.Build.0 = Release|Any CPU
		{84F6C755-DBFF-4BCD-9BFA-1692728AEFA1}.AppStore|iPhoneSimulator.ActiveCfg = Release|Any CPU
		{84F6C755-DBFF-4BCD-9BFA-1692728AEFA1}.AppStore|iPhoneSimulator.Build.0 = Release|Any CPU
		{84F6C755-DBFF-4BCD-9BFA-1692728AEFA1}.Debug|Any CPU.ActiveCfg = Debug|Any CPU
		{84F6C755-DBFF-4BCD-9BFA-1692728AEFA1}.Debug|Any CPU.Build.0 = Debug|Any CPU
		{84F6C755-DBFF-4BCD-9BFA-1692728AEFA1}.Debug|iPhone.ActiveCfg = Debug|Any CPU
		{84F6C755-DBFF-4BCD-9BFA-1692728AEFA1}.Debug|iPhone.Build.0 = Debug|Any CPU
		{84F6C755-DBFF-4BCD-9BFA-1692728AEFA1}.Debug|iPhoneSimulator.ActiveCfg = Debug|Any CPU
		{84F6C755-DBFF-4BCD-9BFA-1692728AEFA1}.Debug|iPhoneSimulator.Build.0 = Debug|Any CPU
		{84F6C755-DBFF-4BCD-9BFA-1692728AEFA1}.Release|Any CPU.ActiveCfg = Release|Any CPU
		{84F6C755-DBFF-4BCD-9BFA-1692728AEFA1}.Release|Any CPU.Build.0 = Release|Any CPU
		{84F6C755-DBFF-4BCD-9BFA-1692728AEFA1}.Release|iPhone.ActiveCfg = Release|Any CPU
		{84F6C755-DBFF-4BCD-9BFA-1692728AEFA1}.Release|iPhone.Build.0 = Release|Any CPU
		{84F6C755-DBFF-4BCD-9BFA-1692728AEFA1}.Release|iPhoneSimulator.ActiveCfg = Release|Any CPU
		{84F6C755-DBFF-4BCD-9BFA-1692728AEFA1}.Release|iPhoneSimulator.Build.0 = Release|Any CPU
		{DD035D30-337E-46B7-87A2-3287051DB4E8}.Ad-Hoc|Any CPU.ActiveCfg = Release|Any CPU
		{DD035D30-337E-46B7-87A2-3287051DB4E8}.Ad-Hoc|Any CPU.Build.0 = Release|Any CPU
		{DD035D30-337E-46B7-87A2-3287051DB4E8}.Ad-Hoc|Any CPU.Deploy.0 = Release|Any CPU
		{DD035D30-337E-46B7-87A2-3287051DB4E8}.Ad-Hoc|iPhone.ActiveCfg = Release|Any CPU
		{DD035D30-337E-46B7-87A2-3287051DB4E8}.Ad-Hoc|iPhone.Build.0 = Release|Any CPU
		{DD035D30-337E-46B7-87A2-3287051DB4E8}.Ad-Hoc|iPhone.Deploy.0 = Release|Any CPU
		{DD035D30-337E-46B7-87A2-3287051DB4E8}.Ad-Hoc|iPhoneSimulator.ActiveCfg = Release|Any CPU
		{DD035D30-337E-46B7-87A2-3287051DB4E8}.Ad-Hoc|iPhoneSimulator.Build.0 = Release|Any CPU
		{DD035D30-337E-46B7-87A2-3287051DB4E8}.Ad-Hoc|iPhoneSimulator.Deploy.0 = Release|Any CPU
		{DD035D30-337E-46B7-87A2-3287051DB4E8}.AppStore|Any CPU.ActiveCfg = Release|Any CPU
		{DD035D30-337E-46B7-87A2-3287051DB4E8}.AppStore|Any CPU.Build.0 = Release|Any CPU
		{DD035D30-337E-46B7-87A2-3287051DB4E8}.AppStore|Any CPU.Deploy.0 = Release|Any CPU
		{DD035D30-337E-46B7-87A2-3287051DB4E8}.AppStore|iPhone.ActiveCfg = Release|Any CPU
		{DD035D30-337E-46B7-87A2-3287051DB4E8}.AppStore|iPhone.Build.0 = Release|Any CPU
		{DD035D30-337E-46B7-87A2-3287051DB4E8}.AppStore|iPhone.Deploy.0 = Release|Any CPU
		{DD035D30-337E-46B7-87A2-3287051DB4E8}.AppStore|iPhoneSimulator.ActiveCfg = Release|Any CPU
		{DD035D30-337E-46B7-87A2-3287051DB4E8}.AppStore|iPhoneSimulator.Build.0 = Release|Any CPU
		{DD035D30-337E-46B7-87A2-3287051DB4E8}.AppStore|iPhoneSimulator.Deploy.0 = Release|Any CPU
		{DD035D30-337E-46B7-87A2-3287051DB4E8}.Debug|Any CPU.ActiveCfg = Debug|Any CPU
		{DD035D30-337E-46B7-87A2-3287051DB4E8}.Debug|Any CPU.Build.0 = Debug|Any CPU
		{DD035D30-337E-46B7-87A2-3287051DB4E8}.Debug|Any CPU.Deploy.0 = Debug|Any CPU
		{DD035D30-337E-46B7-87A2-3287051DB4E8}.Debug|iPhone.ActiveCfg = Debug|Any CPU
		{DD035D30-337E-46B7-87A2-3287051DB4E8}.Debug|iPhone.Build.0 = Debug|Any CPU
		{DD035D30-337E-46B7-87A2-3287051DB4E8}.Debug|iPhone.Deploy.0 = Debug|Any CPU
		{DD035D30-337E-46B7-87A2-3287051DB4E8}.Debug|iPhoneSimulator.ActiveCfg = Debug|Any CPU
		{DD035D30-337E-46B7-87A2-3287051DB4E8}.Debug|iPhoneSimulator.Build.0 = Debug|Any CPU
		{DD035D30-337E-46B7-87A2-3287051DB4E8}.Debug|iPhoneSimulator.Deploy.0 = Debug|Any CPU
		{DD035D30-337E-46B7-87A2-3287051DB4E8}.Release|Any CPU.ActiveCfg = Release|Any CPU
		{DD035D30-337E-46B7-87A2-3287051DB4E8}.Release|Any CPU.Build.0 = Release|Any CPU
		{DD035D30-337E-46B7-87A2-3287051DB4E8}.Release|Any CPU.Deploy.0 = Release|Any CPU
		{DD035D30-337E-46B7-87A2-3287051DB4E8}.Release|iPhone.ActiveCfg = Release|Any CPU
		{DD035D30-337E-46B7-87A2-3287051DB4E8}.Release|iPhone.Build.0 = Release|Any CPU
		{DD035D30-337E-46B7-87A2-3287051DB4E8}.Release|iPhone.Deploy.0 = Release|Any CPU
		{DD035D30-337E-46B7-87A2-3287051DB4E8}.Release|iPhoneSimulator.ActiveCfg = Release|Any CPU
		{DD035D30-337E-46B7-87A2-3287051DB4E8}.Release|iPhoneSimulator.Build.0 = Release|Any CPU
		{DD035D30-337E-46B7-87A2-3287051DB4E8}.Release|iPhoneSimulator.Deploy.0 = Release|Any CPU
		{379B97B8-82E5-4074-A1C2-190B3DA0DD1E}.Ad-Hoc|Any CPU.ActiveCfg = Ad-Hoc|iPhone
		{379B97B8-82E5-4074-A1C2-190B3DA0DD1E}.Ad-Hoc|iPhone.ActiveCfg = Ad-Hoc|iPhone
		{379B97B8-82E5-4074-A1C2-190B3DA0DD1E}.Ad-Hoc|iPhone.Build.0 = Ad-Hoc|iPhone
		{379B97B8-82E5-4074-A1C2-190B3DA0DD1E}.Ad-Hoc|iPhoneSimulator.ActiveCfg = Ad-Hoc|iPhoneSimulator
		{379B97B8-82E5-4074-A1C2-190B3DA0DD1E}.Ad-Hoc|iPhoneSimulator.Build.0 = Ad-Hoc|iPhoneSimulator
		{379B97B8-82E5-4074-A1C2-190B3DA0DD1E}.AppStore|Any CPU.ActiveCfg = AppStore|iPhone
		{379B97B8-82E5-4074-A1C2-190B3DA0DD1E}.AppStore|iPhone.ActiveCfg = AppStore|iPhone
		{379B97B8-82E5-4074-A1C2-190B3DA0DD1E}.AppStore|iPhone.Build.0 = AppStore|iPhone
		{379B97B8-82E5-4074-A1C2-190B3DA0DD1E}.AppStore|iPhoneSimulator.ActiveCfg = AppStore|iPhoneSimulator
		{379B97B8-82E5-4074-A1C2-190B3DA0DD1E}.AppStore|iPhoneSimulator.Build.0 = AppStore|iPhoneSimulator
		{379B97B8-82E5-4074-A1C2-190B3DA0DD1E}.Debug|Any CPU.ActiveCfg = Debug|iPhone
		{379B97B8-82E5-4074-A1C2-190B3DA0DD1E}.Debug|iPhone.ActiveCfg = Debug|iPhone
		{379B97B8-82E5-4074-A1C2-190B3DA0DD1E}.Debug|iPhone.Build.0 = Debug|iPhone
		{379B97B8-82E5-4074-A1C2-190B3DA0DD1E}.Debug|iPhoneSimulator.ActiveCfg = Debug|iPhoneSimulator
		{379B97B8-82E5-4074-A1C2-190B3DA0DD1E}.Debug|iPhoneSimulator.Build.0 = Debug|iPhoneSimulator
		{379B97B8-82E5-4074-A1C2-190B3DA0DD1E}.Release|Any CPU.ActiveCfg = Release|iPhone
		{379B97B8-82E5-4074-A1C2-190B3DA0DD1E}.Release|iPhone.ActiveCfg = Release|iPhone
		{379B97B8-82E5-4074-A1C2-190B3DA0DD1E}.Release|iPhone.Build.0 = Release|iPhone
		{379B97B8-82E5-4074-A1C2-190B3DA0DD1E}.Release|iPhoneSimulator.ActiveCfg = Release|iPhoneSimulator
		{379B97B8-82E5-4074-A1C2-190B3DA0DD1E}.Release|iPhoneSimulator.Build.0 = Release|iPhoneSimulator
	EndGlobalSection
	GlobalSection(SolutionProperties) = preSolution
		HideSolutionNode = FALSE
	EndGlobalSection
EndGlobal
